
Microsoft Visual Studio Solution File, Format Version 12.00
# Visual Studio 2017
Project("{FAE04EC0-301F-11D3-BF4B-00C04F79EFBC}") = "VRTest1", "VRTest1.csproj", "{04ACEB63-B32D-4BA7-F1E3-C7759E7B52F5}"
EndProject
Project("{FAE04EC0-301F-11D3-BF4B-00C04F79EFBC}") = "VRTest1.Editor", "VRTest1.Editor.csproj", "{A0EF4CCF-0BE4-8174-2D27-17366128237B}"
EndProject
Global
	GlobalSection(SolutionConfigurationPlatforms) = preSolution
		Debug|Any CPU = Debug|Any CPU
		Release|Any CPU = Release|Any CPU
	EndGlobalSection
	GlobalSection(ProjectConfigurationPlatforms) = postSolution
		{04ACEB63-B32D-4BA7-F1E3-C7759E7B52F5}.Debug|Any CPU.ActiveCfg = Debug|Any CPU
		{04ACEB63-B32D-4BA7-F1E3-C7759E7B52F5}.Debug|Any CPU.Build.0 = Debug|Any CPU
		{04ACEB63-B32D-4BA7-F1E3-C7759E7B52F5}.Release|Any CPU.ActiveCfg = Release|Any CPU
		{04ACEB63-B32D-4BA7-F1E3-C7759E7B52F5}.Release|Any CPU.Build.0 = Release|Any CPU
		{A0EF4CCF-0BE4-8174-2D27-17366128237B}.Debug|Any CPU.ActiveCfg = Debug|Any CPU
		{A0EF4CCF-0BE4-8174-2D27-17366128237B}.Debug|Any CPU.Build.0 = Debug|Any CPU
		{A0EF4CCF-0BE4-8174-2D27-17366128237B}.Release|Any CPU.ActiveCfg = Release|Any CPU
		{A0EF4CCF-0BE4-8174-2D27-17366128237B}.Release|Any CPU.Build.0 = Release|Any CPU
	EndGlobalSection
	GlobalSection(SolutionProperties) = preSolution
		HideSolutionNode = FALSE
	EndGlobalSection
EndGlobal
